
Microsoft Visual Studio Solution File, Format Version 12.00
# Visual Studio 15
Project("{FAE04EC0-301F-11D3-BF4B-00C04F79EFBC}") = "Assembly-CSharp", "Assembly-CSharp.csproj", "{74705BB8-0F60-F2B6-73B0-F028CD56576F}"
EndProject
Project("{FAE04EC0-301F-11D3-BF4B-00C04F79EFBC}") = "Assembly-CSharp-Editor", "Assembly-CSharp-Editor.csproj", "{DC6E0F58-BD3D-A13D-CB02-935B6500A9D6}"
EndProject
Global
	GlobalSection(SolutionConfigurationPlatforms) = preSolution
		Debug|Any CPU = Debug|Any CPU
		Release|Any CPU = Release|Any CPU
	EndGlobalSection
	GlobalSection(ProjectConfigurationPlatforms) = postSolution
		{74705BB8-0F60-F2B6-73B0-F028CD56576F}.Debug|Any CPU.ActiveCfg = Debug|Any CPU
		{74705BB8-0F60-F2B6-73B0-F028CD56576F}.Debug|Any CPU.Build.0 = Debug|Any CPU
		{74705BB8-0F60-F2B6-73B0-F028CD56576F}.Release|Any CPU.ActiveCfg = Release|Any CPU
		{74705BB8-0F60-F2B6-73B0-F028CD56576F}.Release|Any CPU.Build.0 = Release|Any CPU
		{DC6E0F58-BD3D-A13D-CB02-935B6500A9D6}.Debug|Any CPU.ActiveCfg = Debug|Any CPU
		{DC6E0F58-BD3D-A13D-CB02-935B6500A9D6}.Debug|Any CPU.Build.0 = Debug|Any CPU
		{DC6E0F58-BD3D-A13D-CB02-935B6500A9D6}.Release|Any CPU.ActiveCfg = Release|Any CPU
		{DC6E0F58-BD3D-A13D-CB02-935B6500A9D6}.Release|Any CPU.Build.0 = Release|Any CPU
	EndGlobalSection
	GlobalSection(SolutionProperties) = preSolution
		HideSolutionNode = FALSE
	EndGlobalSection
EndGlobal
