
Microsoft Visual Studio Solution File, Format Version 12.00
# Visual Studio 15
Project("{FAE04EC0-301F-11D3-BF4B-00C04F79EFBC}") = "Assembly-CSharp", "Assembly-CSharp.csproj", "{CAA91194-080E-FCBE-F085-F9DA9E1C2A38}"
EndProject
Project("{FAE04EC0-301F-11D3-BF4B-00C04F79EFBC}") = "Assembly-CSharp-Editor", "Assembly-CSharp-Editor.csproj", "{1049B8A8-9F3A-6137-E689-3CC3574E4AD9}"
EndProject
Global
	GlobalSection(SolutionConfigurationPlatforms) = preSolution
		Debug|Any CPU = Debug|Any CPU
		Release|Any CPU = Release|Any CPU
	EndGlobalSection
	GlobalSection(ProjectConfigurationPlatforms) = postSolution
		{CAA91194-080E-FCBE-F085-F9DA9E1C2A38}.Debug|Any CPU.ActiveCfg = Debug|Any CPU
		{CAA91194-080E-FCBE-F085-F9DA9E1C2A38}.Debug|Any CPU.Build.0 = Debug|Any CPU
		{CAA91194-080E-FCBE-F085-F9DA9E1C2A38}.Release|Any CPU.ActiveCfg = Release|Any CPU
		{CAA91194-080E-FCBE-F085-F9DA9E1C2A38}.Release|Any CPU.Build.0 = Release|Any CPU
		{1049B8A8-9F3A-6137-E689-3CC3574E4AD9}.Debug|Any CPU.ActiveCfg = Debug|Any CPU
		{1049B8A8-9F3A-6137-E689-3CC3574E4AD9}.Debug|Any CPU.Build.0 = Debug|Any CPU
		{1049B8A8-9F3A-6137-E689-3CC3574E4AD9}.Release|Any CPU.ActiveCfg = Release|Any CPU
		{1049B8A8-9F3A-6137-E689-3CC3574E4AD9}.Release|Any CPU.Build.0 = Release|Any CPU
	EndGlobalSection
	GlobalSection(SolutionProperties) = preSolution
		HideSolutionNode = FALSE
	EndGlobalSection
EndGlobal
